
Microsoft Visual Studio Solution File, Format Version 12.00
# Visual Studio 2015
Project("{FAE04EC0-301F-11D3-BF4B-00C04F79EFBC}") = "noda_cube.CSharp.Plugins", "noda_cube.CSharp.Plugins.csproj", "{013D4D39-6D8C-95AF-DB5D-D8BA35E85543}"
EndProject
Project("{FAE04EC0-301F-11D3-BF4B-00C04F79EFBC}") = "noda_cube.CSharp", "noda_cube.CSharp.csproj", "{736CF519-3D1B-D8A7-13C2-9FFA91BCC4E8}"
EndProject
Project("{FAE04EC0-301F-11D3-BF4B-00C04F79EFBC}") = "noda_cube.CSharp.Editor", "noda_cube.CSharp.Editor.csproj", "{67D7CD2C-DE33-1A43-9E3C-96D8D2541293}"
EndProject
Global
	GlobalSection(SolutionConfigurationPlatforms) = preSolution
		Debug|Any CPU = Debug|Any CPU
		Release|Any CPU = Release|Any CPU
	EndGlobalSection
	GlobalSection(ProjectConfigurationPlatforms) = postSolution
		{013D4D39-6D8C-95AF-DB5D-D8BA35E85543}.Debug|Any CPU.ActiveCfg = Debug|Any CPU
		{013D4D39-6D8C-95AF-DB5D-D8BA35E85543}.Debug|Any CPU.Build.0 = Debug|Any CPU
		{013D4D39-6D8C-95AF-DB5D-D8BA35E85543}.Release|Any CPU.ActiveCfg = Release|Any CPU
		{013D4D39-6D8C-95AF-DB5D-D8BA35E85543}.Release|Any CPU.Build.0 = Release|Any CPU
		{736CF519-3D1B-D8A7-13C2-9FFA91BCC4E8}.Debug|Any CPU.ActiveCfg = Debug|Any CPU
		{736CF519-3D1B-D8A7-13C2-9FFA91BCC4E8}.Debug|Any CPU.Build.0 = Debug|Any CPU
		{736CF519-3D1B-D8A7-13C2-9FFA91BCC4E8}.Release|Any CPU.ActiveCfg = Release|Any CPU
		{736CF519-3D1B-D8A7-13C2-9FFA91BCC4E8}.Release|Any CPU.Build.0 = Release|Any CPU
		{67D7CD2C-DE33-1A43-9E3C-96D8D2541293}.Debug|Any CPU.ActiveCfg = Debug|Any CPU
		{67D7CD2C-DE33-1A43-9E3C-96D8D2541293}.Debug|Any CPU.Build.0 = Debug|Any CPU
		{67D7CD2C-DE33-1A43-9E3C-96D8D2541293}.Release|Any CPU.ActiveCfg = Release|Any CPU
		{67D7CD2C-DE33-1A43-9E3C-96D8D2541293}.Release|Any CPU.Build.0 = Release|Any CPU
	EndGlobalSection
	GlobalSection(SolutionProperties) = preSolution
		HideSolutionNode = FALSE
	EndGlobalSection
EndGlobal
