Microsoft Visual Studio Solution File, Format Version 11.00
# Visual Studio 2008

Project("{F19D0FB5-23F4-80D6-8153-D0BF65214B28}") = "noda_cube", "Assembly-CSharp-firstpass.csproj", "{7767130D-A466-AF4A-DDFF-191571093275}"
EndProject
Project("{F19D0FB5-23F4-80D6-8153-D0BF65214B28}") = "noda_cube", "Assembly-CSharp.csproj", "{6D152CBC-71B2-FE56-34C7-E6F848D710EB}"
EndProject
Project("{F19D0FB5-23F4-80D6-8153-D0BF65214B28}") = "noda_cube", "Assembly-CSharp-Editor.csproj", "{DCDE7B08-1D35-DBAD-B1DC-6CF575DA63CA}"
EndProject
Global
	GlobalSection(SolutionConfigurationPlatforms) = preSolution
		Debug|Any CPU = Debug|Any CPU
		Release|Any CPU = Release|Any CPU
	EndGlobalSection
	GlobalSection(ProjectConfigurationPlatforms) = postSolution
		{7767130D-A466-AF4A-DDFF-191571093275}.Debug|Any CPU.ActiveCfg = Debug|Any CPU
		{7767130D-A466-AF4A-DDFF-191571093275}.Debug|Any CPU.Build.0 = Debug|Any CPU
		{7767130D-A466-AF4A-DDFF-191571093275}.Release|Any CPU.ActiveCfg = Release|Any CPU
		{7767130D-A466-AF4A-DDFF-191571093275}.Release|Any CPU.Build.0 = Release|Any CPU
		{6D152CBC-71B2-FE56-34C7-E6F848D710EB}.Debug|Any CPU.ActiveCfg = Debug|Any CPU
		{6D152CBC-71B2-FE56-34C7-E6F848D710EB}.Debug|Any CPU.Build.0 = Debug|Any CPU
		{6D152CBC-71B2-FE56-34C7-E6F848D710EB}.Release|Any CPU.ActiveCfg = Release|Any CPU
		{6D152CBC-71B2-FE56-34C7-E6F848D710EB}.Release|Any CPU.Build.0 = Release|Any CPU
		{DCDE7B08-1D35-DBAD-B1DC-6CF575DA63CA}.Debug|Any CPU.ActiveCfg = Debug|Any CPU
		{DCDE7B08-1D35-DBAD-B1DC-6CF575DA63CA}.Debug|Any CPU.Build.0 = Debug|Any CPU
		{DCDE7B08-1D35-DBAD-B1DC-6CF575DA63CA}.Release|Any CPU.ActiveCfg = Release|Any CPU
		{DCDE7B08-1D35-DBAD-B1DC-6CF575DA63CA}.Release|Any CPU.Build.0 = Release|Any CPU
	EndGlobalSection
	GlobalSection(SolutionProperties) = preSolution
		HideSolutionNode = FALSE
	EndGlobalSection
	GlobalSection(MonoDevelopProperties) = preSolution
		StartupItem = Assembly-CSharp.csproj
	EndGlobalSection
EndGlobal
